
Microsoft Visual Studio Solution File, Format Version 12.00
# Visual Studio Version 17
VisualStudioVersion = 17.6.33815.320
MinimumVisualStudioVersion = 10.0.40219.1
Project("{9A19103F-16F7-4668-BE54-9A1E7A4F7556}") = "ReviewService.Abstractions", "src\ReviewService.Abstractions\ReviewService.Abstractions.csproj", "{AB8ABCDD-6DF4-4BF3-9C5C-0FFA98A1718F}"
EndProject
Project("{9A19103F-16F7-4668-BE54-9A1E7A4F7556}") = "ReviewService", "src\ReviewService\ReviewService.csproj", "{C4BB3610-2362-467E-B64E-F3B6C67778A3}"
EndProject
Project("{FAE04EC0-301F-11D3-BF4B-00C04F79EFBC}") = "ReviewService.Tests", "src\ReviewService.Tests\ReviewService.Tests.csproj", "{54F3E28B-9E84-4126-99C9-D619C7DFC77C}"
EndProject
Global
	GlobalSection(SolutionConfigurationPlatforms) = preSolution
		Debug|Any CPU = Debug|Any CPU
		Release|Any CPU = Release|Any CPU
	EndGlobalSection
	GlobalSection(ProjectConfigurationPlatforms) = postSolution
		{AB8ABCDD-6DF4-4BF3-9C5C-0FFA98A1718F}.Debug|Any CPU.ActiveCfg = Debug|Any CPU
		{AB8ABCDD-6DF4-4BF3-9C5C-0FFA98A1718F}.Debug|Any CPU.Build.0 = Debug|Any CPU
		{AB8ABCDD-6DF4-4BF3-9C5C-0FFA98A1718F}.Release|Any CPU.ActiveCfg = Release|Any CPU
		{AB8ABCDD-6DF4-4BF3-9C5C-0FFA98A1718F}.Release|Any CPU.Build.0 = Release|Any CPU
		{C4BB3610-2362-467E-B64E-F3B6C67778A3}.Debug|Any CPU.ActiveCfg = Debug|Any CPU
		{C4BB3610-2362-467E-B64E-F3B6C67778A3}.Debug|Any CPU.Build.0 = Debug|Any CPU
		{C4BB3610-2362-467E-B64E-F3B6C67778A3}.Release|Any CPU.ActiveCfg = Release|Any CPU
		{C4BB3610-2362-467E-B64E-F3B6C67778A3}.Release|Any CPU.Build.0 = Release|Any CPU
		{54F3E28B-9E84-4126-99C9-D619C7DFC77C}.Debug|Any CPU.ActiveCfg = Debug|Any CPU
		{54F3E28B-9E84-4126-99C9-D619C7DFC77C}.Debug|Any CPU.Build.0 = Debug|Any CPU
		{54F3E28B-9E84-4126-99C9-D619C7DFC77C}.Release|Any CPU.ActiveCfg = Release|Any CPU
		{54F3E28B-9E84-4126-99C9-D619C7DFC77C}.Release|Any CPU.Build.0 = Release|Any CPU
	EndGlobalSection
	GlobalSection(SolutionProperties) = preSolution
		HideSolutionNode = FALSE
	EndGlobalSection
	GlobalSection(ExtensibilityGlobals) = postSolution
		SolutionGuid = {FF07F443-679E-44DD-955C-B0F0E071F5E6}
	EndGlobalSection
EndGlobal
